
Microsoft Visual Studio Solution File, Format Version 12.00
# Visual Studio Version 17
VisualStudioVersion = 17.10.35027.167
MinimumVisualStudioVersion = 10.0.40219.1
Project("{FAE04EC0-301F-11D3-BF4B-00C04F79EFBC}") = "DPM235489_Buoi3", "DPM235489_Buoi3\DPM235489_Buoi3.csproj", "{D218CE97-3541-433F-9286-5BC5282D2555}"
EndProject
Global
	GlobalSection(SolutionConfigurationPlatforms) = preSolution
		Debug|Any CPU = Debug|Any CPU
		Release|Any CPU = Release|Any CPU
	EndGlobalSection
	GlobalSection(ProjectConfigurationPlatforms) = postSolution
		{D218CE97-3541-433F-9286-5BC5282D2555}.Debug|Any CPU.ActiveCfg = Debug|Any CPU
		{D218CE97-3541-433F-9286-5BC5282D2555}.Debug|Any CPU.Build.0 = Debug|Any CPU
		{D218CE97-3541-433F-9286-5BC5282D2555}.Release|Any CPU.ActiveCfg = Release|Any CPU
		{D218CE97-3541-433F-9286-5BC5282D2555}.Release|Any CPU.Build.0 = Release|Any CPU
	EndGlobalSection
	GlobalSection(SolutionProperties) = preSolution
		HideSolutionNode = FALSE
	EndGlobalSection
	GlobalSection(ExtensibilityGlobals) = postSolution
		SolutionGuid = {3047E693-6AE9-48E9-A92F-997D03C1573B}
	EndGlobalSection
EndGlobal
